<?xml version="1.0" encoding="utf-8"?>
<Project ToolsVersion="4.0" xmlns="http://schemas.microsoft.com/developer/msbuild/2003">
  <ItemGroup>
    <Filter Include="소스 파일">
      <UniqueIdentifier>{4FC737F1-C7A5-4376-A066-2A32D752A2FF}</UniqueIdentifier>
      <Extensions>cpp;c;cc;cxx;def;odl;idl;hpj;bat;asm;asmx</Extensions>
    </Filter>
    <Filter Include="리소스 파일">
      <UniqueIdentifier>{67DA6AB6-F800-4c08-8B7A-83BB121AAD01}</UniqueIdentifier>
      <Extensions>rc;ico;cur;bmp;dlg;rc2;rct;bin;rgs;gif;jpg;jpeg;jpe;resx;tiff;tif;png;wav;mfcribbon-ms</Extensions>
    </Filter>
    <Filter Include="210923">
      <UniqueIdentifier>{c8a66bcc-7fe8-4a76-9a6a-1513448266e8}</UniqueIdentifier>
    </Filter>
    <Filter Include="210924">
      <UniqueIdentifier>{caafb4e2-9dba-451b-8c9b-1a961672acea}</UniqueIdentifier>
    </Filter>
    <Filter Include="헤더 파일">
      <UniqueIdentifier>{93995380-89BD-4b04-88EB-625FBE52EBFB}</UniqueIdentifier>
      <Extensions>h;hh;hpp;hxx;hm;inl;inc;xsd</Extensions>
    </Filter>
    <Filter Include="211015">
      <UniqueIdentifier>{d82ba0ac-06c2-4a5c-bf38-a3d0e7787079}</UniqueIdentifier>
    </Filter>
    <Filter Include="211016">
      <UniqueIdentifier>{0d6672d4-0382-47ba-939d-3cddf2f8b1b0}</UniqueIdentifier>
    </Filter>
    <Filter Include="211018">
      <UniqueIdentifier>{d953a59f-f43f-4ca1-8df2-2ee618032dde}</UniqueIdentifier>
    </Filter>
    <Filter Include="211019">
      <UniqueIdentifier>{3f825e0f-03ac-4ef9-a3bc-ea372e9d019d}</UniqueIdentifier>
    </Filter>
    <Filter Include="211102_화">
      <UniqueIdentifier>{db6c30df-ab95-4eb5-b15e-31d99b6538c9}</UniqueIdentifier>
    </Filter>
    <Filter Include="211103_수">
      <UniqueIdentifier>{41dc5b2a-0fed-416a-97ef-77a3938dd92b}</UniqueIdentifier>
    </Filter>
    <Filter Include="211104_목">
      <UniqueIdentifier>{b42cd321-f2f5-4984-9c12-cfdcb0998733}</UniqueIdentifier>
    </Filter>
    <Filter Include="211105_금">
      <UniqueIdentifier>{4b70cfe3-76c2-4907-aec3-7435b639f165}</UniqueIdentifier>
    </Filter>
    <Filter Include="211107_일">
      <UniqueIdentifier>{4a599e8f-b302-4dfc-bfae-35fd09284feb}</UniqueIdentifier>
    </Filter>
    <Filter Include="211108_월">
      <UniqueIdentifier>{68ef4479-4c4a-4020-abbe-ea6bfa9b1cdc}</UniqueIdentifier>
    </Filter>
    <Filter Include="211109_화">
      <UniqueIdentifier>{247844c8-ab15-44c4-badb-a880325cfea3}</UniqueIdentifier>
    </Filter>
    <Filter Include="211110_수">
      <UniqueIdentifier>{6101a5d4-969a-4c61-994b-0030b16f0c36}</UniqueIdentifier>
    </Filter>
    <Filter Include="211112_금">
      <UniqueIdentifier>{20642fa2-833b-4505-b860-8a129f8b0075}</UniqueIdentifier>
    </Filter>
  </ItemGroup>
  <ItemGroup>
    <ClCompile Include="소스.cpp">
      <Filter>소스 파일</Filter>
    </ClCompile>
    <ClCompile Include="210923_1단계_x만큼간격이있는n개의숫자.cpp">
      <Filter>210923</Filter>
    </ClCompile>
    <ClCompile Include="210923_1단계_직사각형별찍기.cpp">
      <Filter>210923</Filter>
    </ClCompile>
    <ClCompile Include="210923_1단계_하샤드수.cpp">
      <Filter>210923</Filter>
    </ClCompile>
    <ClCompile Include="210923_1단계_핸드폰번호가리기.cpp">
      <Filter>210923</Filter>
    </ClCompile>
    <ClCompile Include="210923_1단계_행렬의 덧셈.cpp">
      <Filter>210923</Filter>
    </ClCompile>
    <ClCompile Include="210924_1단계_제일작은수제거하기.cpp">
      <Filter>210924</Filter>
    </ClCompile>
    <ClCompile Include="210924_1단계_짝수홀수.cpp">
      <Filter>210924</Filter>
    </ClCompile>
    <ClCompile Include="210924_1단계_최대공약수_최소공배수.cpp">
      <Filter>210924</Filter>
    </ClCompile>
    <ClCompile Include="210924_1단계_콜라츠 추측.cpp">
      <Filter>210924</Filter>
    </ClCompile>
    <ClCompile Include="210924_1단계_정수제곱근판별.cpp">
      <Filter>210924</Filter>
    </ClCompile>
    <ClCompile Include="211015_1단계_정수오름차순나열.cpp">
      <Filter>211015</Filter>
    </ClCompile>
    <ClCompile Include="211015_1단계_정수리버스.cpp">
      <Filter>211015</Filter>
    </ClCompile>
    <ClCompile Include="211015_1단계_자릿수더하기.cpp">
      <Filter>211015</Filter>
    </ClCompile>
    <ClCompile Include="211016_1단계_이상한문자만들기.cpp">
      <Filter>211016</Filter>
    </ClCompile>
    <ClCompile Include="211016_1단계_약수의 합.cpp">
      <Filter>211016</Filter>
    </ClCompile>
    <ClCompile Include="211018_1단계_시저암호.cpp">
      <Filter>211018</Filter>
    </ClCompile>
    <ClCompile Include="211018_1단계_문자열을정수로바꾸기.cpp">
      <Filter>211018</Filter>
    </ClCompile>
    <ClCompile Include="211018_1단계_수박수박수박수.cpp">
      <Filter>211018</Filter>
    </ClCompile>
    <ClCompile Include="211019_1단계_소수찾기.cpp">
      <Filter>211019</Filter>
    </ClCompile>
    <ClCompile Include="211019_1단계_서울에서 김서방 찾기.cpp">
      <Filter>211019</Filter>
    </ClCompile>
    <ClCompile Include="211019_1단계_문자열 다루기 기본.cpp">
      <Filter>211019</Filter>
    </ClCompile>
    <ClCompile Include="211019_1단계_문자열내림차순.cpp">
      <Filter>211019</Filter>
    </ClCompile>
    <ClCompile Include="211102_1단계_문자열내 P와 Y의개수.cpp">
      <Filter>211102_화</Filter>
    </ClCompile>
    <ClCompile Include="211102_1단계_문자열 내 마음대로 정렬하기.cpp">
      <Filter>211102_화</Filter>
    </ClCompile>
    <ClCompile Include="211102_1단계_두 정수 사이의 합.cpp">
      <Filter>211102_화</Filter>
    </ClCompile>
    <ClCompile Include="211103_1단계_나누어떨어지는숫자배열.cpp">
      <Filter>211103_수</Filter>
    </ClCompile>
    <ClCompile Include="211103_1단계_같은 숫자는 싫어.cpp">
      <Filter>211103_수</Filter>
    </ClCompile>
    <ClCompile Include="211103_1단계_가운데 글자 가져오기.cpp">
      <Filter>211103_수</Filter>
    </ClCompile>
    <ClCompile Include="211104_1단계_카카오%29다트게임.cpp">
      <Filter>211104_목</Filter>
    </ClCompile>
    <ClCompile Include="211104_1단계_부족한 금액 계산하기.cpp">
      <Filter>211104_목</Filter>
    </ClCompile>
    <ClCompile Include="211104_1단계_나머지가 1이 되는 수 찾기.cpp">
      <Filter>211104_목</Filter>
    </ClCompile>
    <ClCompile Include="211105_1단계_최소직사각형.cpp">
      <Filter>211105_금</Filter>
    </ClCompile>
    <ClCompile Include="211105_1단계_2016.cpp">
      <Filter>211105_금</Filter>
    </ClCompile>
    <ClCompile Include="211105_1단계_카카오%29비밀지도.cpp">
      <Filter>211105_금</Filter>
    </ClCompile>
    <ClCompile Include="211107_일_3진법 뒤집기.cpp">
      <Filter>211107_일</Filter>
    </ClCompile>
    <ClCompile Include="211107_일_두 개 뽑아서 더하기.cpp">
      <Filter>211107_일</Filter>
    </ClCompile>
    <ClCompile Include="211107_일_예산.cpp">
      <Filter>211107_일</Filter>
    </ClCompile>
    <ClCompile Include="211108_월_실패율.cpp">
      <Filter>211108_월</Filter>
    </ClCompile>
    <ClCompile Include="211108_월_약수의 개수와 덧셈.cpp">
      <Filter>211108_월</Filter>
    </ClCompile>
    <ClCompile Include="211108_월_포킷몬.cpp">
      <Filter>211108_월</Filter>
    </ClCompile>
    <ClCompile Include="211109_화_K번째 수.cpp">
      <Filter>211109_화</Filter>
    </ClCompile>
    <ClCompile Include="211109_화_모의고사.cpp">
      <Filter>211109_화</Filter>
    </ClCompile>
    <ClCompile Include="211109_화_체육복_Greedy.cpp">
      <Filter>211109_화</Filter>
    </ClCompile>
    <ClCompile Include="211110_수_완주하지 못한 선수.cpp">
      <Filter>211110_수</Filter>
    </ClCompile>
    <ClCompile Include="211110_수_소수만들기.cpp">
      <Filter>211110_수</Filter>
    </ClCompile>
    <ClCompile Include="211110_수_내적.cpp">
      <Filter>211110_수</Filter>
    </ClCompile>
    <ClCompile Include="211110_수_음양 더하기.cpp">
      <Filter>211110_수</Filter>
    </ClCompile>
    <ClCompile Include="211112_금_없는숫자더하기.cpp">
      <Filter>211112_금</Filter>
    </ClCompile>
    <ClCompile Include="211112_금_크레인 인형뽑기.cpp">
      <Filter>211112_금</Filter>
    </ClCompile>
    <ClCompile Include="211112_금_키패드 누르기.cpp">
      <Filter>211112_금</Filter>
    </ClCompile>
  </ItemGroup>
</Project>